
Microsoft Visual Studio Solution File, Format Version 12.00
# Visual Studio 2012
Project("{FAE04EC0-301F-11D3-BF4B-00C04F79EFBC}") = "WheelFun", "WheelFun\WheelFun.csproj", "{CEFA9348-511F-4072-BF34-ADF6D3939DD4}"
EndProject
Project("{D954291E-2A0B-460D-934E-DC6B0785DB48}") = "WheelFun.Shared", "WheelFun.Shared\WheelFun.Shared.shproj", "{7123C2D4-70BC-4A52-949F-DDF6980CF94D}"
EndProject
Project("{FAE04EC0-301F-11D3-BF4B-00C04F79EFBC}") = "WheelFun.UI", "WheelFun.UI\WheelFun.UI.csproj", "{A5B8CD36-B232-4EC6-BF02-BB41A48E76FD}"
EndProject
Global
	GlobalSection(SolutionConfigurationPlatforms) = preSolution
		Debug|x86 = Debug|x86
		Release|x86 = Release|x86
	EndGlobalSection
	GlobalSection(ProjectConfigurationPlatforms) = postSolution
		{CEFA9348-511F-4072-BF34-ADF6D3939DD4}.Debug|x86.ActiveCfg = Debug|x86
		{CEFA9348-511F-4072-BF34-ADF6D3939DD4}.Debug|x86.Build.0 = Debug|x86
		{CEFA9348-511F-4072-BF34-ADF6D3939DD4}.Release|x86.ActiveCfg = Release|x86
		{CEFA9348-511F-4072-BF34-ADF6D3939DD4}.Release|x86.Build.0 = Release|x86
		{A5B8CD36-B232-4EC6-BF02-BB41A48E76FD}.Debug|x86.ActiveCfg = Debug|x86
		{A5B8CD36-B232-4EC6-BF02-BB41A48E76FD}.Debug|x86.Build.0 = Debug|x86
		{A5B8CD36-B232-4EC6-BF02-BB41A48E76FD}.Release|x86.ActiveCfg = Release|x86
		{A5B8CD36-B232-4EC6-BF02-BB41A48E76FD}.Release|x86.Build.0 = Release|x86
	EndGlobalSection
EndGlobal
